
Microsoft Visual Studio Solution File, Format Version 12.00
# Visual Studio Version 17
VisualStudioVersion = 17.9.34622.214
MinimumVisualStudioVersion = 10.0.40219.1
Project("{9A19103F-16F7-4668-BE54-9A1E7A4F7556}") = "PruebaIngresoBackend", "PruebaIngresoBackend\PruebaIngresoBackend.csproj", "{495144DA-D144-44DF-9449-E8E527F48F7B}"
EndProject
Project("{9A19103F-16F7-4668-BE54-9A1E7A4F7556}") = "DataAccess", "DataAccess\DataAccess.csproj", "{F63E919C-FDC4-41BC-BDAD-DB6776F23C55}"
EndProject
Project("{9A19103F-16F7-4668-BE54-9A1E7A4F7556}") = "Business", "Business\Business.csproj", "{08F65970-167A-45BF-A007-5B9D4CEAE75A}"
EndProject
Global
	GlobalSection(SolutionConfigurationPlatforms) = preSolution
		Debug|Any CPU = Debug|Any CPU
		Release|Any CPU = Release|Any CPU
	EndGlobalSection
	GlobalSection(ProjectConfigurationPlatforms) = postSolution
		{495144DA-D144-44DF-9449-E8E527F48F7B}.Debug|Any CPU.ActiveCfg = Debug|Any CPU
		{495144DA-D144-44DF-9449-E8E527F48F7B}.Debug|Any CPU.Build.0 = Debug|Any CPU
		{495144DA-D144-44DF-9449-E8E527F48F7B}.Release|Any CPU.ActiveCfg = Release|Any CPU
		{495144DA-D144-44DF-9449-E8E527F48F7B}.Release|Any CPU.Build.0 = Release|Any CPU
		{F63E919C-FDC4-41BC-BDAD-DB6776F23C55}.Debug|Any CPU.ActiveCfg = Debug|Any CPU
		{F63E919C-FDC4-41BC-BDAD-DB6776F23C55}.Debug|Any CPU.Build.0 = Debug|Any CPU
		{F63E919C-FDC4-41BC-BDAD-DB6776F23C55}.Release|Any CPU.ActiveCfg = Release|Any CPU
		{F63E919C-FDC4-41BC-BDAD-DB6776F23C55}.Release|Any CPU.Build.0 = Release|Any CPU
		{08F65970-167A-45BF-A007-5B9D4CEAE75A}.Debug|Any CPU.ActiveCfg = Debug|Any CPU
		{08F65970-167A-45BF-A007-5B9D4CEAE75A}.Debug|Any CPU.Build.0 = Debug|Any CPU
		{08F65970-167A-45BF-A007-5B9D4CEAE75A}.Release|Any CPU.ActiveCfg = Release|Any CPU
		{08F65970-167A-45BF-A007-5B9D4CEAE75A}.Release|Any CPU.Build.0 = Release|Any CPU
	EndGlobalSection
	GlobalSection(SolutionProperties) = preSolution
		HideSolutionNode = FALSE
	EndGlobalSection
	GlobalSection(ExtensibilityGlobals) = postSolution
		SolutionGuid = {FC603A8B-802A-40F7-9A96-4DFBD4757886}
	EndGlobalSection
EndGlobal
